{
  "name": "CALENDARIO",
  "lockfileVersion": 3,
  "requires": true,
  "packages": {
    "": {
      "dependencies": {
        "countdown": "^2.6.0"
      }
    },
    "node_modules/countdown": {
      "version": "2.6.0",
      "resolved": "https://registry.npmjs.org/countdown/-/countdown-2.6.0.tgz",
      "integrity": "sha512-96C3ntj6/Q0KiikjRxDTrnw09VHI1x930gDTxBnTN8spEjySAT4ftvPXbM22Wn1pp5X0HvZ9uw6DOIf2d8g7rg=="
    }
  }
}
